
Microsoft Visual Studio Solution File, Format Version 12.00
# Visual Studio Version 17
VisualStudioVersion = 17.7.34018.315
MinimumVisualStudioVersion = 10.0.40219.1
Project("{FAE04EC0-301F-11D3-BF4B-00C04F79EFBC}") = "DotNetSQL", "DotNetSQL.csproj", "{8462F08C-6A0F-415E-A537-EAD3671EA889}"
EndProject
Global
	GlobalSection(SolutionConfigurationPlatforms) = preSolution
		Debug|Any CPU = Debug|Any CPU
		Release|Any CPU = Release|Any CPU
	EndGlobalSection
	GlobalSection(ProjectConfigurationPlatforms) = postSolution
		{8462F08C-6A0F-415E-A537-EAD3671EA889}.Debug|Any CPU.ActiveCfg = Debug|Any CPU
		{8462F08C-6A0F-415E-A537-EAD3671EA889}.Debug|Any CPU.Build.0 = Debug|Any CPU
		{8462F08C-6A0F-415E-A537-EAD3671EA889}.Release|Any CPU.ActiveCfg = Release|Any CPU
		{8462F08C-6A0F-415E-A537-EAD3671EA889}.Release|Any CPU.Build.0 = Release|Any CPU
	EndGlobalSection
	GlobalSection(SolutionProperties) = preSolution
		HideSolutionNode = FALSE
	EndGlobalSection
	GlobalSection(ExtensibilityGlobals) = postSolution
		SolutionGuid = {02313D71-D85B-482A-8C1B-3BA2BCC2ABAF}
	EndGlobalSection
EndGlobal
